// !$*UTF8*$!
{
	archiveVersion = 1;
	classes = {
	};
	objectVersion = 50;
	objects = {

/* Begin PBXBuildFile section */
		A4443FB1220DF1EB006ECE27 /* FestivalDataTableViewCell.swift in Sources */ = {isa = PBXBuildFile; fileRef = A4443FB0220DF1EB006ECE27 /* FestivalDataTableViewCell.swift */; };
		A447A8BF220D109200F2D104 /* Festival.json in Resources */ = {isa = PBXBuildFile; fileRef = A447A8BE220D109200F2D104 /* Festival.json */; };
		A447A8C3220D15F600F2D104 /* FestivalEntries.swift in Sources */ = {isa = PBXBuildFile; fileRef = A447A8C2220D15F600F2D104 /* FestivalEntries.swift */; };
		A4EACD2C220D0D30005D8E59 /* AppDelegate.swift in Sources */ = {isa = PBXBuildFile; fileRef = A4EACD2B220D0D30005D8E59 /* AppDelegate.swift */; };
		A4EACD2E220D0D30005D8E59 /* ViewController.swift in Sources */ = {isa = PBXBuildFile; fileRef = A4EACD2D220D0D30005D8E59 /* ViewController.swift */; };
		A4EACD31220D0D30005D8E59 /* Main.storyboard in Resources */ = {isa = PBXBuildFile; fileRef = A4EACD2F220D0D30005D8E59 /* Main.storyboard */; };
		A4EACD33220D0D32005D8E59 /* Assets.xcassets in Resources */ = {isa = PBXBuildFile; fileRef = A4EACD32220D0D32005D8E59 /* Assets.xcassets */; };
		A4EACD36220D0D32005D8E59 /* LaunchScreen.storyboard in Resources */ = {isa = PBXBuildFile; fileRef = A4EACD34220D0D32005D8E59 /* LaunchScreen.storyboard */; };
/* End PBXBuildFile section */

/* Begin PBXFileReference section */
		A4443FB0220DF1EB006ECE27 /* FestivalDataTableViewCell.swift */ = {isa = PBXFileReference; lastKnownFileType = sourcecode.swift; path = FestivalDataTableViewCell.swift; sourceTree = "<group>"; };
		A447A8BE220D109200F2D104 /* Festival.json */ = {isa = PBXFileReference; fileEncoding = 4; lastKnownFileType = text.json; path = Festival.json; sourceTree = SOURCE_ROOT; };
		A447A8C2220D15F600F2D104 /* FestivalEntries.swift */ = {isa = PBXFileReference; lastKnownFileType = sourcecode.swift; path = FestivalEntries.swift; sourceTree = "<group>"; };
		A4EACD28220D0D30005D8E59 /* PlayingWithJSON.app */ = {isa = PBXFileReference; explicitFileType = wrapper.application; includeInIndex = 0; path = PlayingWithJSON.app; sourceTree = BUILT_PRODUCTS_DIR; };
		A4EACD2B220D0D30005D8E59 /* AppDelegate.swift */ = {isa = PBXFileReference; lastKnownFileType = sourcecode.swift; path = AppDelegate.swift; sourceTree = "<group>"; };
		A4EACD2D220D0D30005D8E59 /* ViewController.swift */ = {isa = PBXFileReference; lastKnownFileType = sourcecode.swift; path = ViewController.swift; sourceTree = "<group>"; };
		A4EACD30220D0D30005D8E59 /* Base */ = {isa = PBXFileReference; lastKnownFileType = file.storyboard; name = Base; path = Base.lproj/Main.storyboard; sourceTree = "<group>"; };
		A4EACD32220D0D32005D8E59 /* Assets.xcassets */ = {isa = PBXFileReference; lastKnownFileType = folder.assetcatalog; path = Assets.xcassets; sourceTree = "<group>"; };
		A4EACD35220D0D32005D8E59 /* Base */ = {isa = PBXFileReference; lastKnownFileType = file.storyboard; name = Base; path = Base.lproj/LaunchScreen.storyboard; sourceTree = "<group>"; };
		A4EACD37220D0D32005D8E59 /* Info.plist */ = {isa = PBXFileReference; lastKnownFileType = text.plist.xml; path = Info.plist; sourceTree = "<group>"; };
/* End PBXFileReference section */

/* Begin PBXFrameworksBuildPhase section */
		A4EACD25220D0D30005D8E59 /* Frameworks */ = {
			isa = PBXFrameworksBuildPhase;
			buildActionMask = 2147483647;
			files = (
			);
			runOnlyForDeploymentPostprocessing = 0;
		};
/* End PBXFrameworksBuildPhase section */

/* Begin PBXGroup section */
		A4EACD1F220D0D30005D8E59 = {
			isa = PBXGroup;
			children = (
				A4EACD2A220D0D30005D8E59 /* PlayingWithJSON */,
				A4EACD29220D0D30005D8E59 /* Products */,
			);
			sourceTree = "<group>";
		};
		A4EACD29220D0D30005D8E59 /* Products */ = {
			isa = PBXGroup;
			children = (
				A4EACD28220D0D30005D8E59 /* PlayingWithJSON.app */,
			);
			name = Products;
			sourceTree = "<group>";
		};
		A4EACD2A220D0D30005D8E59 /* PlayingWithJSON */ = {
			isa = PBXGroup;
			children = (
				A4EACD2B220D0D30005D8E59 /* AppDelegate.swift */,
				A4EACD2D220D0D30005D8E59 /* ViewController.swift */,
				A4EACD2F220D0D30005D8E59 /* Main.storyboard */,
				A4EACD32220D0D32005D8E59 /* Assets.xcassets */,
				A4EACD34220D0D32005D8E59 /* LaunchScreen.storyboard */,
				A4EACD37220D0D32005D8E59 /* Info.plist */,
				A447A8BE220D109200F2D104 /* Festival.json */,
				A447A8C2220D15F600F2D104 /* FestivalEntries.swift */,
				A4443FB0220DF1EB006ECE27 /* FestivalDataTableViewCell.swift */,
			);
			path = PlayingWithJSON;
			sourceTree = "<group>";
		};
/* End PBXGroup section */

/* Begin PBXNativeTarget section */
		A4EACD27220D0D30005D8E59 /* PlayingWithJSON */ = {
			isa = PBXNativeTarget;
			buildConfigurationList = A4EACD3A220D0D32005D8E59 /* Build configuration list for PBXNativeTarget "PlayingWithJSON" */;
			buildPhases = (
				A4EACD24220D0D30005D8E59 /* Sources */,
				A4EACD25220D0D30005D8E59 /* Frameworks */,
				A4EACD26220D0D30005D8E59 /* Resources */,
			);
			buildRules = (
			);
			dependencies = (
			);
			name = PlayingWithJSON;
			productName = PlayingWithJSON;
			productReference = A4EACD28220D0D30005D8E59 /* PlayingWithJSON.app */;
			productType = "com.apple.product-type.application";
		};
/* End PBXNativeTarget section */

/* Begin PBXProject section */
		A4EACD20220D0D30005D8E59 /* Project object */ = {
			isa = PBXProject;
			attributes = {
				LastSwiftUpdateCheck = 1010;
				LastUpgradeCheck = 1010;
				ORGANIZATIONNAME = "Rinni Swift";
				TargetAttributes = {
					A4EACD27220D0D30005D8E59 = {
						CreatedOnToolsVersion = 10.1;
					};
				};
			};
			buildConfigurationList = A4EACD23220D0D30005D8E59 /* Build configuration list for PBXProject "PlayingWithJSON" */;
			compatibilityVersion = "Xcode 9.3";
			developmentRegion = en;
			hasScannedForEncodings = 0;
			knownRegions = (
				en,
				Base,
			);
			mainGroup = A4EACD1F220D0D30005D8E59;
			productRefGroup = A4EACD29220D0D30005D8E59 /* Products */;
			projectDirPath = "";
			projectRoot = "";
			targets = (
				A4EACD27220D0D30005D8E59 /* PlayingWithJSON */,
			);
		};
/* End PBXProject section */

/* Begin PBXResourcesBuildPhase section */
		A4EACD26220D0D30005D8E59 /* Resources */ = {
			isa = PBXResourcesBuildPhase;
			buildActionMask = 2147483647;
			files = (
				A4EACD36220D0D32005D8E59 /* LaunchScreen.storyboard in Resources */,
				A4EACD33220D0D32005D8E59 /* Assets.xcassets in Resources */,
				A4EACD31220D0D30005D8E59 /* Main.storyboard in Resources */,
				A447A8BF220D109200F2D104 /* Festival.json in Resources */,
			);
			runOnlyForDeploymentPostprocessing = 0;
		};
/* End PBXResourcesBuildPhase section */

/* Begin PBXSourcesBuildPhase section */
		A4EACD24220D0D30005D8E59 /* Sources */ = {
			isa = PBXSourcesBuildPhase;
			buildActionMask = 2147483647;
			files = (
				A447A8C3220D15F600F2D104 /* FestivalEntries.swift in Sources */,
				A4EACD2E220D0D30005D8E59 /* ViewController.swift in Sources */,
				A4443FB1220DF1EB006ECE27 /* FestivalDataTableViewCell.swift in Sources */,
				A4EACD2C220D0D30005D8E59 /* AppDelegate.swift in Sources */,
			);
			runOnlyForDeploymentPostprocessing = 0;
		};
/* End PBXSourcesBuildPhase section */

/* Begin PBXVariantGroup section */
		A4EACD2F220D0D30005D8E59 /* Main.storyboard */ = {
			isa = PBXVariantGroup;
			children = (
				A4EACD30220D0D30005D8E59 /* Base */,
			);
			name = Main.storyboard;
			sourceTree = "<group>";
		};
		A4EACD34220D0D32005D8E59 /* LaunchScreen.storyboard */ = {
			isa = PBXVariantGroup;
			children = (
				A4EACD35220D0D32005D8E59 /* Base */,
			);
			name = LaunchScreen.storyboard;
			sourceTree = "<group>";
		};
/* End PBXVariantGroup section */

/* Begin XCBuildConfiguration section */
		A4EACD38220D0D32005D8E59 /* Debug */ = {
			isa = XCBuildConfiguration;
			buildSettings = {
				ALWAYS_SEARCH_USER_PATHS = NO;
				CLANG_ANALYZER_NONNULL = YES;
				CLANG_ANALYZER_NUMBER_OBJECT_CONVERSION = YES_AGGRESSIVE;
				CLANG_CXX_LANGUAGE_STANDARD = "gnu++14";
				CLANG_CXX_LIBRARY = "libc++";
				CLANG_ENABLE_MODULES = YES;
				CLANG_ENABLE_OBJC_ARC = YES;
				CLANG_ENABLE_OBJC_WEAK = YES;
				CLANG_WARN_BLOCK_CAPTURE_AUTORELEASING = YES;
				CLANG_WARN_BOOL_CONVERSION = YES;
				CLANG_WARN_COMMA = YES;
				CLANG_WARN_CONSTANT_CONVERSION = YES;
				CLANG_WARN_DEPRECATED_OBJC_IMPLEMENTATIONS = YES;
				CLANG_WARN_DIRECT_OBJC_ISA_USAGE = YES_ERROR;
				CLANG_WARN_DOCUMENTATION_COMMENTS = YES;
				CLANG_WARN_EMPTY_BODY = YES;
				CLANG_WARN_ENUM_CONVERSION = YES;
				CLANG_WARN_INFINITE_RECURSION = YES;
				CLANG_WARN_INT_CONVERSION = YES;
				CLANG_WARN_NON_LITERAL_NULL_CONVERSION = YES;
				CLANG_WARN_OBJC_IMPLICIT_RETAIN_SELF = YES;
				CLANG_WARN_OBJC_LITERAL_CONVERSION = YES;
				CLANG_WARN_OBJC_ROOT_CLASS = YES_ERROR;
				CLANG_WARN_RANGE_LOOP_ANALYSIS = YES;
				CLANG_WARN_STRICT_PROTOTYPES = YES;
				CLANG_WARN_SUSPICIOUS_MOVE = YES;
				CLANG_WARN_UNGUARDED_AVAILABILITY = YES_AGGRESSIVE;
				CLANG_WARN_UNREACHABLE_CODE = YES;
				CLANG_WARN__DUPLICATE_METHOD_MATCH = YES;
				CODE_SIGN_IDENTITY = "iPhone Developer";
				COPY_PHASE_STRIP = NO;
				DEBUG_INFORMATION_FORMAT = dwarf;
				ENABLE_STRICT_OBJC_MSGSEND = YES;
				ENABLE_TESTABILITY = YES;
				GCC_C_LANGUAGE_STANDARD = gnu11;
				GCC_DYNAMIC_NO_PIC = NO;
				GCC_NO_COMMON_BLOCKS = YES;
				GCC_OPTIMIZATION_LEVEL = 0;
				GCC_PREPROCESSOR_DEFINITIONS = (
					"DEBUG=1",
					"$(inherited)",
				);
				GCC_WARN_64_TO_32_BIT_CONVERSION = YES;
				GCC_WARN_ABOUT_RETURN_TYPE = YES_ERROR;
				GCC_WARN_UNDECLARED_SELECTOR = YES;
				GCC_WARN_UNINITIALIZED_AUTOS = YES_AGGRESSIVE;
				GCC_WARN_UNUSED_FUNCTION = YES;
				GCC_WARN_UNUSED_VARIABLE = YES;
				IPHONEOS_DEPLOYMENT_TARGET = 12.1;
				MTL_ENABLE_DEBUG_INFO = INCLUDE_SOURCE;
				MTL_FAST_MATH = YES;
				ONLY_ACTIVE_ARCH = YES;
				SDKROOT = iphoneos;
				SWIFT_ACTIVE_COMPILATION_CONDITIONS = DEBUG;
				SWIFT_OPTIMIZATION_LEVEL = "-Onone";
			};
			name = Debug;
		};
		A4EACD39220D0D32005D8E59 /* Release */ = {
			isa = XCBuildConfiguration;
			buildSettings = {
				ALWAYS_SEARCH_USER_PATHS = NO;
				CLANG_ANALYZER_NONNULL = YES;
				CLANG_ANALYZER_NUMBER_OBJECT_CONVERSION = YES_AGGRESSIVE;
				CLANG_CXX_LANGUAGE_STANDARD = "gnu++14";
				CLANG_CXX_LIBRARY = "libc++";
				CLANG_ENABLE_MODULES = YES;
				CLANG_ENABLE_OBJC_ARC = YES;
				CLANG_ENABLE_OBJC_WEAK = YES;
				CLANG_WARN_BLOCK_CAPTURE_AUTORELEASING = YES;
				CLANG_WARN_BOOL_CONVERSION = YES;
				CLANG_WARN_COMMA = YES;
				CLANG_WARN_CONSTANT_CONVERSION = YES;
				CLANG_WARN_DEPRECATED_OBJC_IMPLEMENTATIONS = YES;
				CLANG_WARN_DIRECT_OBJC_ISA_USAGE = YES_ERROR;
				CLANG_WARN_DOCUMENTATION_COMMENTS = YES;
				CLANG_WARN_EMPTY_BODY = YES;
				CLANG_WARN_ENUM_CONVERSION = YES;
				CLANG_WARN_INFINITE_RECURSION = YES;
				CLANG_WARN_INT_CONVERSION = YES;
				CLANG_WARN_NON_LITERAL_NULL_CONVERSION = YES;
				CLANG_WARN_OBJC_IMPLICIT_RETAIN_SELF = YES;
				CLANG_WARN_OBJC_LITERAL_CONVERSION = YES;
				CLANG_WARN_OBJC_ROOT_CLASS = YES_ERROR;
				CLANG_WARN_RANGE_LOOP_ANALYSIS = YES;
				CLANG_WARN_STRICT_PROTOTYPES = YES;
				CLANG_WARN_SUSPICIOUS_MOVE = YES;
				CLANG_WARN_UNGUARDED_AVAILABILITY = YES_AGGRESSIVE;
				CLANG_WARN_UNREACHABLE_CODE = YES;
				CLANG_WARN__DUPLICATE_METHOD_MATCH = YES;
				CODE_SIGN_IDENTITY = "iPhone Developer";
				COPY_PHASE_STRIP = NO;
				DEBUG_INFORMATION_FORMAT = "dwarf-with-dsym";
				ENABLE_NS_ASSERTIONS = NO;
				ENABLE_STRICT_OBJC_MSGSEND = YES;
				GCC_C_LANGUAGE_STANDARD = gnu11;
				GCC_NO_COMMON_BLOCKS = YES;
				GCC_WARN_64_TO_32_BIT_CONVERSION = YES;
				GCC_WARN_ABOUT_RETURN_TYPE = YES_ERROR;
				GCC_WARN_UNDECLARED_SELECTOR = YES;
				GCC_WARN_UNINITIALIZED_AUTOS = YES_AGGRESSIVE;
				GCC_WARN_UNUSED_FUNCTION = YES;
				GCC_WARN_UNUSED_VARIABLE = YES;
				IPHONEOS_DEPLOYMENT_TARGET = 12.1;
				MTL_ENABLE_DEBUG_INFO = NO;
				MTL_FAST_MATH = YES;
				SDKROOT = iphoneos;
				SWIFT_COMPILATION_MODE = wholemodule;
				SWIFT_OPTIMIZATION_LEVEL = "-O";
				VALIDATE_PRODUCT = YES;
			};
			name = Release;
		};
		A4EACD3B220D0D32005D8E59 /* Debug */ = {
			isa = XCBuildConfiguration;
			buildSettings = {
				ASSETCATALOG_COMPILER_APPICON_NAME = AppIcon;
				CODE_SIGN_STYLE = Automatic;
				DEVELOPMENT_TEAM = V63UZ8ZMFC;
				INFOPLIST_FILE = PlayingWithJSON/Info.plist;
				LD_RUNPATH_SEARCH_PATHS = (
					"$(inherited)",
					"@executable_path/Frameworks",
				);
				PRODUCT_BUNDLE_IDENTIFIER = rinniswift.PlayingWithJSON;
				PRODUCT_NAME = "$(TARGET_NAME)";
				SWIFT_VERSION = 4.2;
				TARGETED_DEVICE_FAMILY = "1,2";
			};
			name = Debug;
		};
		A4EACD3C220D0D32005D8E59 /* Release */ = {
			isa = XCBuildConfiguration;
			buildSettings = {
				ASSETCATALOG_COMPILER_APPICON_NAME = AppIcon;
				CODE_SIGN_STYLE = Automatic;
				DEVELOPMENT_TEAM = V63UZ8ZMFC;
				INFOPLIST_FILE = PlayingWithJSON/Info.plist;
				LD_RUNPATH_SEARCH_PATHS = (
					"$(inherited)",
					"@executable_path/Frameworks",
				);
				PRODUCT_BUNDLE_IDENTIFIER = rinniswift.PlayingWithJSON;
				PRODUCT_NAME = "$(TARGET_NAME)";
				SWIFT_VERSION = 4.2;
				TARGETED_DEVICE_FAMILY = "1,2";
			};
			name = Release;
		};
/* End XCBuildConfiguration section */

/* Begin XCConfigurationList section */
		A4EACD23220D0D30005D8E59 /* Build configuration list for PBXProject "PlayingWithJSON" */ = {
			isa = XCConfigurationList;
			buildConfigurations = (
				A4EACD38220D0D32005D8E59 /* Debug */,
				A4EACD39220D0D32005D8E59 /* Release */,
			);
			defaultConfigurationIsVisible = 0;
			defaultConfigurationName = Release;
		};
		A4EACD3A220D0D32005D8E59 /* Build configuration list for PBXNativeTarget "PlayingWithJSON" */ = {
			isa = XCConfigurationList;
			buildConfigurations = (
				A4EACD3B220D0D32005D8E59 /* Debug */,
				A4EACD3C220D0D32005D8E59 /* Release */,
			);
			defaultConfigurationIsVisible = 0;
			defaultConfigurationName = Release;
		};
/* End XCConfigurationList section */
	};
	rootObject = A4EACD20220D0D30005D8E59 /* Project object */;
}
